{
  "name": "@vandeurenglenn/typed-array-smart-deconcat",
  "version": "1.0.1",
  "lockfileVersion": 2,
  "requires": true,
  "packages": {
    "": {
      "name": "@vandeurenglenn/typed-array-smart-deconcat",
      "version": "1.0.1",
      "license": "MIT",
      "dependencies": {
        "varint": "github:vandeurenglenn/varint"
      },
      "devDependencies": {
        "@types/varint": "^6.0.1"
      }
    },
    "node_modules/@types/node": {
      "version": "18.11.18",
      "resolved": "https://registry.npmjs.org/@types/node/-/node-18.11.18.tgz",
      "integrity": "sha512-DHQpWGjyQKSHj3ebjFI/wRKcqQcdR+MoFBygntYOZytCqNfkd2ZC4ARDJ2DQqhjH5p85Nnd3jhUJIXrszFX/JA==",
      "dev": true
    },
    "node_modules/@types/varint": {
      "version": "6.0.1",
      "resolved": "https://registry.npmjs.org/@types/varint/-/varint-6.0.1.tgz",
      "integrity": "sha512-fQdOiZpDMBvaEdl12P1x7xlTPRAtd7qUUtVaWgkCy8DC//wCv19nqFFtrnR3y/ac6VFY0UUvYuQqfKzZTSE26w==",
      "dev": true,
      "dependencies": {
        "@types/node": "*"
      }
    },
    "node_modules/varint": {
      "version": "6.0.0",
      "resolved": "git+ssh://git@github.com/vandeurenglenn/varint.git#a7bcb37c7816865b361a9483a3062eeabc2e2cb1",
      "license": "MIT"
    }
  },
  "dependencies": {
    "@types/node": {
      "version": "18.11.18",
      "resolved": "https://registry.npmjs.org/@types/node/-/node-18.11.18.tgz",
      "integrity": "sha512-DHQpWGjyQKSHj3ebjFI/wRKcqQcdR+MoFBygntYOZytCqNfkd2ZC4ARDJ2DQqhjH5p85Nnd3jhUJIXrszFX/JA==",
      "dev": true
    },
    "@types/varint": {
      "version": "6.0.1",
      "resolved": "https://registry.npmjs.org/@types/varint/-/varint-6.0.1.tgz",
      "integrity": "sha512-fQdOiZpDMBvaEdl12P1x7xlTPRAtd7qUUtVaWgkCy8DC//wCv19nqFFtrnR3y/ac6VFY0UUvYuQqfKzZTSE26w==",
      "dev": true,
      "requires": {
        "@types/node": "*"
      }
    },
    "varint": {
      "version": "git+ssh://git@github.com/vandeurenglenn/varint.git#a7bcb37c7816865b361a9483a3062eeabc2e2cb1",
      "from": "varint@github:@vandeurenglenn/varint"
    }
  }
}
